// !$*UTF8*$!
{
	archiveVersion = 1;
	classes = {
	};
	objectVersion = 56;
	objects = {

/* Begin PBXBuildFile section */
		0F393EC72983D747005D0483 /* GeoCodingManager.swift in Sources */ = {isa = PBXBuildFile; fileRef = 0F393EC62983D747005D0483 /* GeoCodingManager.swift */; };
		0F393ECC2983FFB6005D0483 /* CityModel.swift in Sources */ = {isa = PBXBuildFile; fileRef = 0F393ECB2983FFB6005D0483 /* CityModel.swift */; };
		0F6C5B1329854399009B4A17 /* WeatherNetworkManager.swift in Sources */ = {isa = PBXBuildFile; fileRef = 0F6C5B1229854399009B4A17 /* WeatherNetworkManager.swift */; };
		0F80F8E22982CCCF0091BD71 /* AddCityViewController.swift in Sources */ = {isa = PBXBuildFile; fileRef = 0F80F8E12982CCCF0091BD71 /* AddCityViewController.swift */; };
		0F80F8E62982D6E10091BD71 /* AddCityRootView.swift in Sources */ = {isa = PBXBuildFile; fileRef = 0F80F8E52982D6E10091BD71 /* AddCityRootView.swift */; };
		0F80F8E92982E4200091BD71 /* AddCityPresenter.swift in Sources */ = {isa = PBXBuildFile; fileRef = 0F80F8E82982E4200091BD71 /* AddCityPresenter.swift */; };
		0F80F8EC29830BED0091BD71 /* AddCityTableViewCell.swift in Sources */ = {isa = PBXBuildFile; fileRef = 0F80F8EB29830BED0091BD71 /* AddCityTableViewCell.swift */; };
		0F8DD6912987A09600612F51 /* WeatherCodes.swift in Sources */ = {isa = PBXBuildFile; fileRef = 0F8DD6902987A09600612F51 /* WeatherCodes.swift */; };
		0FAC2A00295DFCCD0074509F /* AppDelegate.swift in Sources */ = {isa = PBXBuildFile; fileRef = 0FAC29FF295DFCCD0074509F /* AppDelegate.swift */; };
		0FAC2A02295DFCCD0074509F /* SceneDelegate.swift in Sources */ = {isa = PBXBuildFile; fileRef = 0FAC2A01295DFCCD0074509F /* SceneDelegate.swift */; };
		0FAC2A09295DFCCD0074509F /* Assets.xcassets in Resources */ = {isa = PBXBuildFile; fileRef = 0FAC2A08295DFCCD0074509F /* Assets.xcassets */; };
		0FAC2A0C295DFCCD0074509F /* LaunchScreen.storyboard in Resources */ = {isa = PBXBuildFile; fileRef = 0FAC2A0A295DFCCD0074509F /* LaunchScreen.storyboard */; };
		0FAC9C422981458E00FF8D73 /* CitiesViewController.swift in Sources */ = {isa = PBXBuildFile; fileRef = 0FAC9C412981458E00FF8D73 /* CitiesViewController.swift */; };
		0FAC9C442981464C00FF8D73 /* CitiesViewControllerRootView.swift in Sources */ = {isa = PBXBuildFile; fileRef = 0FAC9C432981464C00FF8D73 /* CitiesViewControllerRootView.swift */; };
		0FAC9C46298164A000FF8D73 /* CityTableViewCell.swift in Sources */ = {isa = PBXBuildFile; fileRef = 0FAC9C45298164A000FF8D73 /* CityTableViewCell.swift */; };
		0FAC9C49298183D900FF8D73 /* CityViewController.swift in Sources */ = {isa = PBXBuildFile; fileRef = 0FAC9C48298183D900FF8D73 /* CityViewController.swift */; };
		0FAC9C4D29818CFA00FF8D73 /* CitiesViewPresenter.swift in Sources */ = {isa = PBXBuildFile; fileRef = 0FAC9C4C29818CFA00FF8D73 /* CitiesViewPresenter.swift */; };
		0FAC9C4F29818E7F00FF8D73 /* RouterProtocol.swift in Sources */ = {isa = PBXBuildFile; fileRef = 0FAC9C4E29818E7F00FF8D73 /* RouterProtocol.swift */; };
		0FAC9C5429818F3B00FF8D73 /* CitiesRouter.swift in Sources */ = {isa = PBXBuildFile; fileRef = 0FAC9C5329818F3B00FF8D73 /* CitiesRouter.swift */; };
		0FAC9C562981925900FF8D73 /* TabBarPresenter.swift in Sources */ = {isa = PBXBuildFile; fileRef = 0FAC9C552981925900FF8D73 /* TabBarPresenter.swift */; };
		0FAC9C582981A9C300FF8D73 /* CityRootView.swift in Sources */ = {isa = PBXBuildFile; fileRef = 0FAC9C572981A9C300FF8D73 /* CityRootView.swift */; };
		0FBD4E81298682F50083B605 /* WeatherViewController.swift in Sources */ = {isa = PBXBuildFile; fileRef = 0FBD4E80298682F50083B605 /* WeatherViewController.swift */; };
		0FBD4E83298685D00083B605 /* WeatherRouter.swift in Sources */ = {isa = PBXBuildFile; fileRef = 0FBD4E82298685D00083B605 /* WeatherRouter.swift */; };
		0FD085912971C7C0009F3DC7 /* MainRouter.swift in Sources */ = {isa = PBXBuildFile; fileRef = 0FD085902971C7C0009F3DC7 /* MainRouter.swift */; };
		0FD085932971C8E2009F3DC7 /* ModulBilder.swift in Sources */ = {isa = PBXBuildFile; fileRef = 0FD085922971C8E2009F3DC7 /* ModulBilder.swift */; };
		0FD085992971CBFF009F3DC7 /* TabBarController.swift in Sources */ = {isa = PBXBuildFile; fileRef = 0FD085982971CBFF009F3DC7 /* TabBarController.swift */; };
/* End PBXBuildFile section */

/* Begin PBXFileReference section */
		0F393EC62983D747005D0483 /* GeoCodingManager.swift */ = {isa = PBXFileReference; lastKnownFileType = sourcecode.swift; path = GeoCodingManager.swift; sourceTree = "<group>"; };
		0F393ECB2983FFB6005D0483 /* CityModel.swift */ = {isa = PBXFileReference; lastKnownFileType = sourcecode.swift; path = CityModel.swift; sourceTree = "<group>"; };
		0F6C5B1229854399009B4A17 /* WeatherNetworkManager.swift */ = {isa = PBXFileReference; lastKnownFileType = sourcecode.swift; path = WeatherNetworkManager.swift; sourceTree = "<group>"; };
		0F80F8E12982CCCF0091BD71 /* AddCityViewController.swift */ = {isa = PBXFileReference; lastKnownFileType = sourcecode.swift; path = AddCityViewController.swift; sourceTree = "<group>"; };
		0F80F8E52982D6E10091BD71 /* AddCityRootView.swift */ = {isa = PBXFileReference; lastKnownFileType = sourcecode.swift; path = AddCityRootView.swift; sourceTree = "<group>"; };
		0F80F8E82982E4200091BD71 /* AddCityPresenter.swift */ = {isa = PBXFileReference; lastKnownFileType = sourcecode.swift; path = AddCityPresenter.swift; sourceTree = "<group>"; };
		0F80F8EB29830BED0091BD71 /* AddCityTableViewCell.swift */ = {isa = PBXFileReference; lastKnownFileType = sourcecode.swift; path = AddCityTableViewCell.swift; sourceTree = "<group>"; };
		0F8DD6902987A09600612F51 /* WeatherCodes.swift */ = {isa = PBXFileReference; lastKnownFileType = sourcecode.swift; path = WeatherCodes.swift; sourceTree = "<group>"; };
		0FAC29FC295DFCCD0074509F /* WeatherApp.app */ = {isa = PBXFileReference; explicitFileType = wrapper.application; includeInIndex = 0; path = WeatherApp.app; sourceTree = BUILT_PRODUCTS_DIR; };
		0FAC29FF295DFCCD0074509F /* AppDelegate.swift */ = {isa = PBXFileReference; lastKnownFileType = sourcecode.swift; path = AppDelegate.swift; sourceTree = "<group>"; };
		0FAC2A01295DFCCD0074509F /* SceneDelegate.swift */ = {isa = PBXFileReference; lastKnownFileType = sourcecode.swift; path = SceneDelegate.swift; sourceTree = "<group>"; };
		0FAC2A08295DFCCD0074509F /* Assets.xcassets */ = {isa = PBXFileReference; lastKnownFileType = folder.assetcatalog; path = Assets.xcassets; sourceTree = "<group>"; };
		0FAC2A0B295DFCCD0074509F /* Base */ = {isa = PBXFileReference; lastKnownFileType = file.storyboard; name = Base; path = Base.lproj/LaunchScreen.storyboard; sourceTree = "<group>"; };
		0FAC2A0D295DFCCD0074509F /* Info.plist */ = {isa = PBXFileReference; lastKnownFileType = text.plist.xml; path = Info.plist; sourceTree = "<group>"; };
		0FAC9C412981458E00FF8D73 /* CitiesViewController.swift */ = {isa = PBXFileReference; lastKnownFileType = sourcecode.swift; path = CitiesViewController.swift; sourceTree = "<group>"; };
		0FAC9C432981464C00FF8D73 /* CitiesViewControllerRootView.swift */ = {isa = PBXFileReference; lastKnownFileType = sourcecode.swift; path = CitiesViewControllerRootView.swift; sourceTree = "<group>"; };
		0FAC9C45298164A000FF8D73 /* CityTableViewCell.swift */ = {isa = PBXFileReference; lastKnownFileType = sourcecode.swift; path = CityTableViewCell.swift; sourceTree = "<group>"; };
		0FAC9C48298183D900FF8D73 /* CityViewController.swift */ = {isa = PBXFileReference; lastKnownFileType = sourcecode.swift; path = CityViewController.swift; sourceTree = "<group>"; };
		0FAC9C4C29818CFA00FF8D73 /* CitiesViewPresenter.swift */ = {isa = PBXFileReference; lastKnownFileType = sourcecode.swift; path = CitiesViewPresenter.swift; sourceTree = "<group>"; };
		0FAC9C4E29818E7F00FF8D73 /* RouterProtocol.swift */ = {isa = PBXFileReference; lastKnownFileType = sourcecode.swift; path = RouterProtocol.swift; sourceTree = "<group>"; };
		0FAC9C5329818F3B00FF8D73 /* CitiesRouter.swift */ = {isa = PBXFileReference; lastKnownFileType = sourcecode.swift; path = CitiesRouter.swift; sourceTree = "<group>"; };
		0FAC9C552981925900FF8D73 /* TabBarPresenter.swift */ = {isa = PBXFileReference; lastKnownFileType = sourcecode.swift; path = TabBarPresenter.swift; sourceTree = "<group>"; };
		0FAC9C572981A9C300FF8D73 /* CityRootView.swift */ = {isa = PBXFileReference; lastKnownFileType = sourcecode.swift; path = CityRootView.swift; sourceTree = "<group>"; };
		0FBD4E80298682F50083B605 /* WeatherViewController.swift */ = {isa = PBXFileReference; lastKnownFileType = sourcecode.swift; path = WeatherViewController.swift; sourceTree = "<group>"; };
		0FBD4E82298685D00083B605 /* WeatherRouter.swift */ = {isa = PBXFileReference; lastKnownFileType = sourcecode.swift; path = WeatherRouter.swift; sourceTree = "<group>"; };
		0FD085902971C7C0009F3DC7 /* MainRouter.swift */ = {isa = PBXFileReference; lastKnownFileType = sourcecode.swift; path = MainRouter.swift; sourceTree = "<group>"; };
		0FD085922971C8E2009F3DC7 /* ModulBilder.swift */ = {isa = PBXFileReference; lastKnownFileType = sourcecode.swift; path = ModulBilder.swift; sourceTree = "<group>"; };
		0FD085982971CBFF009F3DC7 /* TabBarController.swift */ = {isa = PBXFileReference; lastKnownFileType = sourcecode.swift; path = TabBarController.swift; sourceTree = "<group>"; };
/* End PBXFileReference section */

/* Begin PBXFrameworksBuildPhase section */
		0FAC29F9295DFCCD0074509F /* Frameworks */ = {
			isa = PBXFrameworksBuildPhase;
			buildActionMask = 2147483647;
			files = (
			);
			runOnlyForDeploymentPostprocessing = 0;
		};
/* End PBXFrameworksBuildPhase section */

/* Begin PBXGroup section */
		0F393EC22983C0D5005D0483 /* View */ = {
			isa = PBXGroup;
			children = (
				0FAC9C48298183D900FF8D73 /* CityViewController.swift */,
				0FAC9C572981A9C300FF8D73 /* CityRootView.swift */,
			);
			path = View;
			sourceTree = "<group>";
		};
		0F393EC42983D71E005D0483 /* Model */ = {
			isa = PBXGroup;
			children = (
				0F393ECB2983FFB6005D0483 /* CityModel.swift */,
				0F8DD6902987A09600612F51 /* WeatherCodes.swift */,
			);
			path = Model;
			sourceTree = "<group>";
		};
		0F393EC52983D736005D0483 /* Managers */ = {
			isa = PBXGroup;
			children = (
				0F6C5B1129854379009B4A17 /* NetworkManager */,
				0F393EC62983D747005D0483 /* GeoCodingManager.swift */,
			);
			path = Managers;
			sourceTree = "<group>";
		};
		0F393EC82983D83E005D0483 /* ModulBilder */ = {
			isa = PBXGroup;
			children = (
				0FD085922971C8E2009F3DC7 /* ModulBilder.swift */,
			);
			path = ModulBilder;
			sourceTree = "<group>";
		};
		0F393ECA2983FFA6005D0483 /* Presenter */ = {
			isa = PBXGroup;
			children = (
			);
			path = Presenter;
			sourceTree = "<group>";
		};
		0F6C5B1129854379009B4A17 /* NetworkManager */ = {
			isa = PBXGroup;
			children = (
				0F6C5B1229854399009B4A17 /* WeatherNetworkManager.swift */,
			);
			path = NetworkManager;
			sourceTree = "<group>";
		};
		0F80F8DF2982CCA50091BD71 /* AddCity */ = {
			isa = PBXGroup;
			children = (
				0F393EC42983D71E005D0483 /* Model */,
				0F80F8E72982E4110091BD71 /* Presenter */,
				0F80F8E02982CCBB0091BD71 /* View */,
			);
			path = AddCity;
			sourceTree = "<group>";
		};
		0F80F8E02982CCBB0091BD71 /* View */ = {
			isa = PBXGroup;
			children = (
				0F80F8E12982CCCF0091BD71 /* AddCityViewController.swift */,
				0F80F8E52982D6E10091BD71 /* AddCityRootView.swift */,
				0F80F8EA29830B710091BD71 /* Cell */,
			);
			path = View;
			sourceTree = "<group>";
		};
		0F80F8E72982E4110091BD71 /* Presenter */ = {
			isa = PBXGroup;
			children = (
				0F80F8E82982E4200091BD71 /* AddCityPresenter.swift */,
			);
			path = Presenter;
			sourceTree = "<group>";
		};
		0F80F8EA29830B710091BD71 /* Cell */ = {
			isa = PBXGroup;
			children = (
				0F80F8EB29830BED0091BD71 /* AddCityTableViewCell.swift */,
			);
			path = Cell;
			sourceTree = "<group>";
		};
		0FAC29F3295DFCCD0074509F = {
			isa = PBXGroup;
			children = (
				0FAC29FE295DFCCD0074509F /* WeatherApp */,
				0FAC29FD295DFCCD0074509F /* Products */,
			);
			sourceTree = "<group>";
		};
		0FAC29FD295DFCCD0074509F /* Products */ = {
			isa = PBXGroup;
			children = (
				0FAC29FC295DFCCD0074509F /* WeatherApp.app */,
			);
			name = Products;
			sourceTree = "<group>";
		};
		0FAC29FE295DFCCD0074509F /* WeatherApp */ = {
			isa = PBXGroup;
			children = (
				0FAC29FF295DFCCD0074509F /* AppDelegate.swift */,
				0FAC2A01295DFCCD0074509F /* SceneDelegate.swift */,
				0F393EC52983D736005D0483 /* Managers */,
				0FAC9C5029818EF000FF8D73 /* Router */,
				0F393EC82983D83E005D0483 /* ModulBilder */,
				0FAC2A13295DFDCE0074509F /* Flow */,
				0FAC2A08295DFCCD0074509F /* Assets.xcassets */,
				0FAC2A0A295DFCCD0074509F /* LaunchScreen.storyboard */,
				0FAC2A0D295DFCCD0074509F /* Info.plist */,
			);
			path = WeatherApp;
			sourceTree = "<group>";
		};
		0FAC2A13295DFDCE0074509F /* Flow */ = {
			isa = PBXGroup;
			children = (
				0FD085942971CB93009F3DC7 /* TabBar */,
				0FAC9C3D2981454500FF8D73 /* Cities */,
				0F80F8DF2982CCA50091BD71 /* AddCity */,
				0FAC9C47298183A600FF8D73 /* City */,
				0FBD4E7E298682AF0083B605 /* Weather */,
			);
			path = Flow;
			sourceTree = "<group>";
		};
		0FAC9C3D2981454500FF8D73 /* Cities */ = {
			isa = PBXGroup;
			children = (
				0FAC9C402981455F00FF8D73 /* Model */,
				0FAC9C3F2981455700FF8D73 /* Presenter */,
				0FAC9C3E2981455200FF8D73 /* View */,
			);
			path = Cities;
			sourceTree = "<group>";
		};
		0FAC9C3E2981455200FF8D73 /* View */ = {
			isa = PBXGroup;
			children = (
				0FAC9C412981458E00FF8D73 /* CitiesViewController.swift */,
				0FAC9C432981464C00FF8D73 /* CitiesViewControllerRootView.swift */,
				0FAC9C4B298188BE00FF8D73 /* Cell */,
			);
			path = View;
			sourceTree = "<group>";
		};
		0FAC9C3F2981455700FF8D73 /* Presenter */ = {
			isa = PBXGroup;
			children = (
				0FAC9C4C29818CFA00FF8D73 /* CitiesViewPresenter.swift */,
			);
			path = Presenter;
			sourceTree = "<group>";
		};
		0FAC9C402981455F00FF8D73 /* Model */ = {
			isa = PBXGroup;
			children = (
			);
			path = Model;
			sourceTree = "<group>";
		};
		0FAC9C47298183A600FF8D73 /* City */ = {
			isa = PBXGroup;
			children = (
				0F393ECA2983FFA6005D0483 /* Presenter */,
				0F393EC22983C0D5005D0483 /* View */,
			);
			path = City;
			sourceTree = "<group>";
		};
		0FAC9C4B298188BE00FF8D73 /* Cell */ = {
			isa = PBXGroup;
			children = (
				0FAC9C45298164A000FF8D73 /* CityTableViewCell.swift */,
			);
			path = Cell;
			sourceTree = "<group>";
		};
		0FAC9C5029818EF000FF8D73 /* Router */ = {
			isa = PBXGroup;
			children = (
				0FAC9C4E29818E7F00FF8D73 /* RouterProtocol.swift */,
				0FD085902971C7C0009F3DC7 /* MainRouter.swift */,
				0FAC9C5329818F3B00FF8D73 /* CitiesRouter.swift */,
				0FBD4E82298685D00083B605 /* WeatherRouter.swift */,
			);
			path = Router;
			sourceTree = "<group>";
		};
		0FBD4E7E298682AF0083B605 /* Weather */ = {
			isa = PBXGroup;
			children = (
				0FBD4E7F298682CA0083B605 /* View */,
			);
			path = Weather;
			sourceTree = "<group>";
		};
		0FBD4E7F298682CA0083B605 /* View */ = {
			isa = PBXGroup;
			children = (
				0FBD4E80298682F50083B605 /* WeatherViewController.swift */,
			);
			path = View;
			sourceTree = "<group>";
		};
		0FD085942971CB93009F3DC7 /* TabBar */ = {
			isa = PBXGroup;
			children = (
				0FD085952971CBAD009F3DC7 /* Model */,
				0FD085962971CBB3009F3DC7 /* Presenter */,
				0FD085972971CBC0009F3DC7 /* View */,
			);
			path = TabBar;
			sourceTree = "<group>";
		};
		0FD085952971CBAD009F3DC7 /* Model */ = {
			isa = PBXGroup;
			children = (
			);
			path = Model;
			sourceTree = "<group>";
		};
		0FD085962971CBB3009F3DC7 /* Presenter */ = {
			isa = PBXGroup;
			children = (
				0FAC9C552981925900FF8D73 /* TabBarPresenter.swift */,
			);
			path = Presenter;
			sourceTree = "<group>";
		};
		0FD085972971CBC0009F3DC7 /* View */ = {
			isa = PBXGroup;
			children = (
				0FD085982971CBFF009F3DC7 /* TabBarController.swift */,
			);
			path = View;
			sourceTree = "<group>";
		};
/* End PBXGroup section */

/* Begin PBXNativeTarget section */
		0FAC29FB295DFCCD0074509F /* WeatherApp */ = {
			isa = PBXNativeTarget;
			buildConfigurationList = 0FAC2A10295DFCCD0074509F /* Build configuration list for PBXNativeTarget "WeatherApp" */;
			buildPhases = (
				0FAC29F8295DFCCD0074509F /* Sources */,
				0FAC29F9295DFCCD0074509F /* Frameworks */,
				0FAC29FA295DFCCD0074509F /* Resources */,
			);
			buildRules = (
			);
			dependencies = (
			);
			name = WeatherApp;
			productName = WeatherApp;
			productReference = 0FAC29FC295DFCCD0074509F /* WeatherApp.app */;
			productType = "com.apple.product-type.application";
		};
/* End PBXNativeTarget section */

/* Begin PBXProject section */
		0FAC29F4295DFCCD0074509F /* Project object */ = {
			isa = PBXProject;
			attributes = {
				BuildIndependentTargetsInParallel = 1;
				LastSwiftUpdateCheck = 1420;
				LastUpgradeCheck = 1420;
				TargetAttributes = {
					0FAC29FB295DFCCD0074509F = {
						CreatedOnToolsVersion = 14.2;
					};
				};
			};
			buildConfigurationList = 0FAC29F7295DFCCD0074509F /* Build configuration list for PBXProject "WeatherApp" */;
			compatibilityVersion = "Xcode 14.0";
			developmentRegion = en;
			hasScannedForEncodings = 0;
			knownRegions = (
				en,
				Base,
			);
			mainGroup = 0FAC29F3295DFCCD0074509F;
			productRefGroup = 0FAC29FD295DFCCD0074509F /* Products */;
			projectDirPath = "";
			projectRoot = "";
			targets = (
				0FAC29FB295DFCCD0074509F /* WeatherApp */,
			);
		};
/* End PBXProject section */

/* Begin PBXResourcesBuildPhase section */
		0FAC29FA295DFCCD0074509F /* Resources */ = {
			isa = PBXResourcesBuildPhase;
			buildActionMask = 2147483647;
			files = (
				0FAC2A0C295DFCCD0074509F /* LaunchScreen.storyboard in Resources */,
				0FAC2A09295DFCCD0074509F /* Assets.xcassets in Resources */,
			);
			runOnlyForDeploymentPostprocessing = 0;
		};
/* End PBXResourcesBuildPhase section */

/* Begin PBXSourcesBuildPhase section */
		0FAC29F8295DFCCD0074509F /* Sources */ = {
			isa = PBXSourcesBuildPhase;
			buildActionMask = 2147483647;
			files = (
				0FAC9C442981464C00FF8D73 /* CitiesViewControllerRootView.swift in Sources */,
				0FAC9C49298183D900FF8D73 /* CityViewController.swift in Sources */,
				0F393EC72983D747005D0483 /* GeoCodingManager.swift in Sources */,
				0F80F8EC29830BED0091BD71 /* AddCityTableViewCell.swift in Sources */,
				0F80F8E22982CCCF0091BD71 /* AddCityViewController.swift in Sources */,
				0FAC9C422981458E00FF8D73 /* CitiesViewController.swift in Sources */,
				0F80F8E92982E4200091BD71 /* AddCityPresenter.swift in Sources */,
				0F80F8E62982D6E10091BD71 /* AddCityRootView.swift in Sources */,
				0F6C5B1329854399009B4A17 /* WeatherNetworkManager.swift in Sources */,
				0FAC9C562981925900FF8D73 /* TabBarPresenter.swift in Sources */,
				0FD085932971C8E2009F3DC7 /* ModulBilder.swift in Sources */,
				0FAC9C582981A9C300FF8D73 /* CityRootView.swift in Sources */,
				0FAC9C46298164A000FF8D73 /* CityTableViewCell.swift in Sources */,
				0FD085992971CBFF009F3DC7 /* TabBarController.swift in Sources */,
				0FAC9C4D29818CFA00FF8D73 /* CitiesViewPresenter.swift in Sources */,
				0FAC2A00295DFCCD0074509F /* AppDelegate.swift in Sources */,
				0FAC9C4F29818E7F00FF8D73 /* RouterProtocol.swift in Sources */,
				0F393ECC2983FFB6005D0483 /* CityModel.swift in Sources */,
				0FD085912971C7C0009F3DC7 /* MainRouter.swift in Sources */,
				0F8DD6912987A09600612F51 /* WeatherCodes.swift in Sources */,
				0FAC2A02295DFCCD0074509F /* SceneDelegate.swift in Sources */,
				0FAC9C5429818F3B00FF8D73 /* CitiesRouter.swift in Sources */,
				0FBD4E83298685D00083B605 /* WeatherRouter.swift in Sources */,
				0FBD4E81298682F50083B605 /* WeatherViewController.swift in Sources */,
			);
			runOnlyForDeploymentPostprocessing = 0;
		};
/* End PBXSourcesBuildPhase section */

/* Begin PBXVariantGroup section */
		0FAC2A0A295DFCCD0074509F /* LaunchScreen.storyboard */ = {
			isa = PBXVariantGroup;
			children = (
				0FAC2A0B295DFCCD0074509F /* Base */,
			);
			name = LaunchScreen.storyboard;
			sourceTree = "<group>";
		};
/* End PBXVariantGroup section */

/* Begin XCBuildConfiguration section */
		0FAC2A0E295DFCCD0074509F /* Debug */ = {
			isa = XCBuildConfiguration;
			buildSettings = {
				ALWAYS_SEARCH_USER_PATHS = NO;
				CLANG_ANALYZER_NONNULL = YES;
				CLANG_ANALYZER_NUMBER_OBJECT_CONVERSION = YES_AGGRESSIVE;
				CLANG_CXX_LANGUAGE_STANDARD = "gnu++20";
				CLANG_ENABLE_MODULES = YES;
				CLANG_ENABLE_OBJC_ARC = YES;
				CLANG_ENABLE_OBJC_WEAK = YES;
				CLANG_WARN_BLOCK_CAPTURE_AUTORELEASING = YES;
				CLANG_WARN_BOOL_CONVERSION = YES;
				CLANG_WARN_COMMA = YES;
				CLANG_WARN_CONSTANT_CONVERSION = YES;
				CLANG_WARN_DEPRECATED_OBJC_IMPLEMENTATIONS = YES;
				CLANG_WARN_DIRECT_OBJC_ISA_USAGE = YES_ERROR;
				CLANG_WARN_DOCUMENTATION_COMMENTS = YES;
				CLANG_WARN_EMPTY_BODY = YES;
				CLANG_WARN_ENUM_CONVERSION = YES;
				CLANG_WARN_INFINITE_RECURSION = YES;
				CLANG_WARN_INT_CONVERSION = YES;
				CLANG_WARN_NON_LITERAL_NULL_CONVERSION = YES;
				CLANG_WARN_OBJC_IMPLICIT_RETAIN_SELF = YES;
				CLANG_WARN_OBJC_LITERAL_CONVERSION = YES;
				CLANG_WARN_OBJC_ROOT_CLASS = YES_ERROR;
				CLANG_WARN_QUOTED_INCLUDE_IN_FRAMEWORK_HEADER = YES;
				CLANG_WARN_RANGE_LOOP_ANALYSIS = YES;
				CLANG_WARN_STRICT_PROTOTYPES = YES;
				CLANG_WARN_SUSPICIOUS_MOVE = YES;
				CLANG_WARN_UNGUARDED_AVAILABILITY = YES_AGGRESSIVE;
				CLANG_WARN_UNREACHABLE_CODE = YES;
				CLANG_WARN__DUPLICATE_METHOD_MATCH = YES;
				COPY_PHASE_STRIP = NO;
				DEBUG_INFORMATION_FORMAT = dwarf;
				ENABLE_STRICT_OBJC_MSGSEND = YES;
				ENABLE_TESTABILITY = YES;
				GCC_C_LANGUAGE_STANDARD = gnu11;
				GCC_DYNAMIC_NO_PIC = NO;
				GCC_NO_COMMON_BLOCKS = YES;
				GCC_OPTIMIZATION_LEVEL = 0;
				GCC_PREPROCESSOR_DEFINITIONS = (
					"DEBUG=1",
					"$(inherited)",
				);
				GCC_WARN_64_TO_32_BIT_CONVERSION = YES;
				GCC_WARN_ABOUT_RETURN_TYPE = YES_ERROR;
				GCC_WARN_UNDECLARED_SELECTOR = YES;
				GCC_WARN_UNINITIALIZED_AUTOS = YES_AGGRESSIVE;
				GCC_WARN_UNUSED_FUNCTION = YES;
				GCC_WARN_UNUSED_VARIABLE = YES;
				IPHONEOS_DEPLOYMENT_TARGET = 16.2;
				MTL_ENABLE_DEBUG_INFO = INCLUDE_SOURCE;
				MTL_FAST_MATH = YES;
				ONLY_ACTIVE_ARCH = YES;
				SDKROOT = iphoneos;
				SWIFT_ACTIVE_COMPILATION_CONDITIONS = DEBUG;
				SWIFT_OPTIMIZATION_LEVEL = "-Onone";
			};
			name = Debug;
		};
		0FAC2A0F295DFCCD0074509F /* Release */ = {
			isa = XCBuildConfiguration;
			buildSettings = {
				ALWAYS_SEARCH_USER_PATHS = NO;
				CLANG_ANALYZER_NONNULL = YES;
				CLANG_ANALYZER_NUMBER_OBJECT_CONVERSION = YES_AGGRESSIVE;
				CLANG_CXX_LANGUAGE_STANDARD = "gnu++20";
				CLANG_ENABLE_MODULES = YES;
				CLANG_ENABLE_OBJC_ARC = YES;
				CLANG_ENABLE_OBJC_WEAK = YES;
				CLANG_WARN_BLOCK_CAPTURE_AUTORELEASING = YES;
				CLANG_WARN_BOOL_CONVERSION = YES;
				CLANG_WARN_COMMA = YES;
				CLANG_WARN_CONSTANT_CONVERSION = YES;
				CLANG_WARN_DEPRECATED_OBJC_IMPLEMENTATIONS = YES;
				CLANG_WARN_DIRECT_OBJC_ISA_USAGE = YES_ERROR;
				CLANG_WARN_DOCUMENTATION_COMMENTS = YES;
				CLANG_WARN_EMPTY_BODY = YES;
				CLANG_WARN_ENUM_CONVERSION = YES;
				CLANG_WARN_INFINITE_RECURSION = YES;
				CLANG_WARN_INT_CONVERSION = YES;
				CLANG_WARN_NON_LITERAL_NULL_CONVERSION = YES;
				CLANG_WARN_OBJC_IMPLICIT_RETAIN_SELF = YES;
				CLANG_WARN_OBJC_LITERAL_CONVERSION = YES;
				CLANG_WARN_OBJC_ROOT_CLASS = YES_ERROR;
				CLANG_WARN_QUOTED_INCLUDE_IN_FRAMEWORK_HEADER = YES;
				CLANG_WARN_RANGE_LOOP_ANALYSIS = YES;
				CLANG_WARN_STRICT_PROTOTYPES = YES;
				CLANG_WARN_SUSPICIOUS_MOVE = YES;
				CLANG_WARN_UNGUARDED_AVAILABILITY = YES_AGGRESSIVE;
				CLANG_WARN_UNREACHABLE_CODE = YES;
				CLANG_WARN__DUPLICATE_METHOD_MATCH = YES;
				COPY_PHASE_STRIP = NO;
				DEBUG_INFORMATION_FORMAT = "dwarf-with-dsym";
				ENABLE_NS_ASSERTIONS = NO;
				ENABLE_STRICT_OBJC_MSGSEND = YES;
				GCC_C_LANGUAGE_STANDARD = gnu11;
				GCC_NO_COMMON_BLOCKS = YES;
				GCC_WARN_64_TO_32_BIT_CONVERSION = YES;
				GCC_WARN_ABOUT_RETURN_TYPE = YES_ERROR;
				GCC_WARN_UNDECLARED_SELECTOR = YES;
				GCC_WARN_UNINITIALIZED_AUTOS = YES_AGGRESSIVE;
				GCC_WARN_UNUSED_FUNCTION = YES;
				GCC_WARN_UNUSED_VARIABLE = YES;
				IPHONEOS_DEPLOYMENT_TARGET = 16.2;
				MTL_ENABLE_DEBUG_INFO = NO;
				MTL_FAST_MATH = YES;
				SDKROOT = iphoneos;
				SWIFT_COMPILATION_MODE = wholemodule;
				SWIFT_OPTIMIZATION_LEVEL = "-O";
				VALIDATE_PRODUCT = YES;
			};
			name = Release;
		};
		0FAC2A11295DFCCD0074509F /* Debug */ = {
			isa = XCBuildConfiguration;
			buildSettings = {
				ASSETCATALOG_COMPILER_APPICON_NAME = AppIcon;
				ASSETCATALOG_COMPILER_GLOBAL_ACCENT_COLOR_NAME = AccentColor;
				CODE_SIGN_STYLE = Automatic;
				CURRENT_PROJECT_VERSION = 1;
				DEVELOPMENT_TEAM = SK7334S258;
				GENERATE_INFOPLIST_FILE = YES;
				INFOPLIST_FILE = WeatherApp/Info.plist;
				INFOPLIST_KEY_UIApplicationSupportsIndirectInputEvents = YES;
				INFOPLIST_KEY_UILaunchStoryboardName = LaunchScreen;
				INFOPLIST_KEY_UISupportedInterfaceOrientations_iPad = "UIInterfaceOrientationPortrait UIInterfaceOrientationPortraitUpsideDown UIInterfaceOrientationLandscapeLeft UIInterfaceOrientationLandscapeRight";
				INFOPLIST_KEY_UISupportedInterfaceOrientations_iPhone = "UIInterfaceOrientationPortrait UIInterfaceOrientationLandscapeLeft UIInterfaceOrientationLandscapeRight";
				LD_RUNPATH_SEARCH_PATHS = (
					"$(inherited)",
					"@executable_path/Frameworks",
				);
				MARKETING_VERSION = 1.0;
				PRODUCT_BUNDLE_IDENTIFIER = Zasenko.WeatherApp;
				PRODUCT_NAME = "$(TARGET_NAME)";
				SWIFT_EMIT_LOC_STRINGS = YES;
				SWIFT_VERSION = 5.0;
				TARGETED_DEVICE_FAMILY = "1,2";
			};
			name = Debug;
		};
		0FAC2A12295DFCCD0074509F /* Release */ = {
			isa = XCBuildConfiguration;
			buildSettings = {
				ASSETCATALOG_COMPILER_APPICON_NAME = AppIcon;
				ASSETCATALOG_COMPILER_GLOBAL_ACCENT_COLOR_NAME = AccentColor;
				CODE_SIGN_STYLE = Automatic;
				CURRENT_PROJECT_VERSION = 1;
				DEVELOPMENT_TEAM = SK7334S258;
				GENERATE_INFOPLIST_FILE = YES;
				INFOPLIST_FILE = WeatherApp/Info.plist;
				INFOPLIST_KEY_UIApplicationSupportsIndirectInputEvents = YES;
				INFOPLIST_KEY_UILaunchStoryboardName = LaunchScreen;
				INFOPLIST_KEY_UISupportedInterfaceOrientations_iPad = "UIInterfaceOrientationPortrait UIInterfaceOrientationPortraitUpsideDown UIInterfaceOrientationLandscapeLeft UIInterfaceOrientationLandscapeRight";
				INFOPLIST_KEY_UISupportedInterfaceOrientations_iPhone = "UIInterfaceOrientationPortrait UIInterfaceOrientationLandscapeLeft UIInterfaceOrientationLandscapeRight";
				LD_RUNPATH_SEARCH_PATHS = (
					"$(inherited)",
					"@executable_path/Frameworks",
				);
				MARKETING_VERSION = 1.0;
				PRODUCT_BUNDLE_IDENTIFIER = Zasenko.WeatherApp;
				PRODUCT_NAME = "$(TARGET_NAME)";
				SWIFT_EMIT_LOC_STRINGS = YES;
				SWIFT_VERSION = 5.0;
				TARGETED_DEVICE_FAMILY = "1,2";
			};
			name = Release;
		};
/* End XCBuildConfiguration section */

/* Begin XCConfigurationList section */
		0FAC29F7295DFCCD0074509F /* Build configuration list for PBXProject "WeatherApp" */ = {
			isa = XCConfigurationList;
			buildConfigurations = (
				0FAC2A0E295DFCCD0074509F /* Debug */,
				0FAC2A0F295DFCCD0074509F /* Release */,
			);
			defaultConfigurationIsVisible = 0;
			defaultConfigurationName = Release;
		};
		0FAC2A10295DFCCD0074509F /* Build configuration list for PBXNativeTarget "WeatherApp" */ = {
			isa = XCConfigurationList;
			buildConfigurations = (
				0FAC2A11295DFCCD0074509F /* Debug */,
				0FAC2A12295DFCCD0074509F /* Release */,
			);
			defaultConfigurationIsVisible = 0;
			defaultConfigurationName = Release;
		};
/* End XCConfigurationList section */
	};
	rootObject = 0FAC29F4295DFCCD0074509F /* Project object */;
}
